
Microsoft Visual Studio Solution File, Format Version 12.00
# Visual Studio Version 17
VisualStudioVersion = 17.4.33403.182
MinimumVisualStudioVersion = 10.0.40219.1
Project("{FAE04EC0-301F-11D3-BF4B-00C04F79EFBC}") = "Telerik.Sitefinity.Samples", "Telerik.Sitefinity.Samples.csproj", "{F4215495-062D-4AE6-810D-DD9AD8AB444C}"
EndProject
Global
	GlobalSection(SolutionConfigurationPlatforms) = preSolution
		Debug|Any CPU = Debug|Any CPU
		Release|Any CPU = Release|Any CPU
	EndGlobalSection
	GlobalSection(ProjectConfigurationPlatforms) = postSolution
		{F4215495-062D-4AE6-810D-DD9AD8AB444C}.Debug|Any CPU.ActiveCfg = Debug|Any CPU
		{F4215495-062D-4AE6-810D-DD9AD8AB444C}.Debug|Any CPU.Build.0 = Debug|Any CPU
		{F4215495-062D-4AE6-810D-DD9AD8AB444C}.Release|Any CPU.ActiveCfg = Release|Any CPU
		{F4215495-062D-4AE6-810D-DD9AD8AB444C}.Release|Any CPU.Build.0 = Release|Any CPU
	EndGlobalSection
	GlobalSection(SolutionProperties) = preSolution
		HideSolutionNode = FALSE
	EndGlobalSection
	GlobalSection(ExtensibilityGlobals) = postSolution
		SolutionGuid = {2B2F3BFA-C0F0-4BEB-B3C9-5BA07DF716B6}
	EndGlobalSection
EndGlobal
